{
  "name": "react-webpack-rails-tutorial",
  "version": "0.0.1",
  "lockfileVersion": 1,
  "requires": true,
  "dependencies": {
    "react-on-rails": {
      "version": "11.0.8",
      "resolved": "https://registry.npmjs.org/react-on-rails/-/react-on-rails-11.0.8.tgz",
      "integrity": "sha512-hCdpALrDKox0DVqwixPRtULqgHL6KmzCh5BDXQjJCIz0CEM3qKBq0HBkCVWgJsubu+S/NuPqkBrk9gGreHXQAA=="
    }
  }
}
